
Microsoft Visual Studio Solution File, Format Version 12.00
# Visual Studio Version 17
VisualStudioVersion = 17.0.31903.59
MinimumVisualStudioVersion = 10.0.40219.1
Project("{2150E333-8FDC-42A3-9474-1A3956D46DE8}") = "Interop", "Interop", "{FA46DF89-6585-3869-AC2D-4F5A2BEB4D3F}"
EndProject
Project("{FAE04EC0-301F-11D3-BF4B-00C04F79EFBC}") = "SizeMonitor.Interop", "Interop\SizeMonitor.Interop.csproj", "{A00DC77A-C8F7-4197-A737-7077A355B7A8}"
EndProject
Project("{2150E333-8FDC-42A3-9474-1A3956D46DE8}") = "App", "App", "{F95F473B-E98A-ACD6-1986-755F447BE36F}"
EndProject
Project("{FAE04EC0-301F-11D3-BF4B-00C04F79EFBC}") = "SizeMonitor.App", "App\SizeMonitor.App.csproj", "{00370347-6855-4DE1-BAD5-B222C007C9DF}"
EndProject
Global
	GlobalSection(SolutionConfigurationPlatforms) = preSolution
		Debug|Any CPU = Debug|Any CPU
		Debug|x64 = Debug|x64
		Debug|x86 = Debug|x86
		Release|Any CPU = Release|Any CPU
		Release|x64 = Release|x64
		Release|x86 = Release|x86
	EndGlobalSection
	GlobalSection(ProjectConfigurationPlatforms) = postSolution
		{A00DC77A-C8F7-4197-A737-7077A355B7A8}.Debug|Any CPU.ActiveCfg = Debug|Any CPU
		{A00DC77A-C8F7-4197-A737-7077A355B7A8}.Debug|Any CPU.Build.0 = Debug|Any CPU
		{A00DC77A-C8F7-4197-A737-7077A355B7A8}.Debug|x64.ActiveCfg = Debug|Any CPU
		{A00DC77A-C8F7-4197-A737-7077A355B7A8}.Debug|x64.Build.0 = Debug|Any CPU
		{A00DC77A-C8F7-4197-A737-7077A355B7A8}.Debug|x86.ActiveCfg = Debug|Any CPU
		{A00DC77A-C8F7-4197-A737-7077A355B7A8}.Debug|x86.Build.0 = Debug|Any CPU
		{A00DC77A-C8F7-4197-A737-7077A355B7A8}.Release|Any CPU.ActiveCfg = Release|Any CPU
		{A00DC77A-C8F7-4197-A737-7077A355B7A8}.Release|Any CPU.Build.0 = Release|Any CPU
		{A00DC77A-C8F7-4197-A737-7077A355B7A8}.Release|x64.ActiveCfg = Release|Any CPU
		{A00DC77A-C8F7-4197-A737-7077A355B7A8}.Release|x64.Build.0 = Release|Any CPU
		{A00DC77A-C8F7-4197-A737-7077A355B7A8}.Release|x86.ActiveCfg = Release|Any CPU
		{A00DC77A-C8F7-4197-A737-7077A355B7A8}.Release|x86.Build.0 = Release|Any CPU
		{00370347-6855-4DE1-BAD5-B222C007C9DF}.Debug|Any CPU.ActiveCfg = Debug|Any CPU
		{00370347-6855-4DE1-BAD5-B222C007C9DF}.Debug|Any CPU.Build.0 = Debug|Any CPU
		{00370347-6855-4DE1-BAD5-B222C007C9DF}.Debug|x64.ActiveCfg = Debug|Any CPU
		{00370347-6855-4DE1-BAD5-B222C007C9DF}.Debug|x64.Build.0 = Debug|Any CPU
		{00370347-6855-4DE1-BAD5-B222C007C9DF}.Debug|x86.ActiveCfg = Debug|Any CPU
		{00370347-6855-4DE1-BAD5-B222C007C9DF}.Debug|x86.Build.0 = Debug|Any CPU
		{00370347-6855-4DE1-BAD5-B222C007C9DF}.Release|Any CPU.ActiveCfg = Release|Any CPU
		{00370347-6855-4DE1-BAD5-B222C007C9DF}.Release|Any CPU.Build.0 = Release|Any CPU
		{00370347-6855-4DE1-BAD5-B222C007C9DF}.Release|x64.ActiveCfg = Release|Any CPU
		{00370347-6855-4DE1-BAD5-B222C007C9DF}.Release|x64.Build.0 = Release|Any CPU
		{00370347-6855-4DE1-BAD5-B222C007C9DF}.Release|x86.ActiveCfg = Release|Any CPU
		{00370347-6855-4DE1-BAD5-B222C007C9DF}.Release|x86.Build.0 = Release|Any CPU
	EndGlobalSection
	GlobalSection(SolutionProperties) = preSolution
		HideSolutionNode = FALSE
	EndGlobalSection
	GlobalSection(NestedProjects) = preSolution
		{A00DC77A-C8F7-4197-A737-7077A355B7A8} = {FA46DF89-6585-3869-AC2D-4F5A2BEB4D3F}
		{00370347-6855-4DE1-BAD5-B222C007C9DF} = {F95F473B-E98A-ACD6-1986-755F447BE36F}
	EndGlobalSection
EndGlobal
